
Microsoft Visual Studio Solution File, Format Version 12.00
# Visual Studio Version 17
VisualStudioVersion = 17.5.002.0
MinimumVisualStudioVersion = 10.0.40219.1
Project("{2150E333-8FDC-42A3-9474-1A3956D46DE8}") = "csharp-prep", "csharp-prep", "{27E09962-40F8-4180-A2D6-3B3E67012646}"
EndProject
Project("{9A19103F-16F7-4668-BE54-9A1E7A4F7556}") = "Prep4", "csharp-prep\Prep4\Prep4.csproj", "{FFF5307D-9BFB-4CF4-A88C-0372164ECB5B}"
EndProject
Project("{9A19103F-16F7-4668-BE54-9A1E7A4F7556}") = "Prep5", "csharp-prep\Prep5\Prep5.csproj", "{697A2747-8CF1-4EC0-9D56-6625277D4DD0}"
EndProject
Project("{9A19103F-16F7-4668-BE54-9A1E7A4F7556}") = "Prep3", "csharp-prep\Prep3\Prep3.csproj", "{7C8E8202-D6D4-4396-9BC0-A0D117669CED}"
EndProject
Project("{9A19103F-16F7-4668-BE54-9A1E7A4F7556}") = "Prep1", "csharp-prep\Prep1\Prep1.csproj", "{8E070C80-ED3A-4772-90FB-127FEBC776C5}"
EndProject
Project("{9A19103F-16F7-4668-BE54-9A1E7A4F7556}") = "Prep2", "csharp-prep\Prep2\Prep2.csproj", "{FB86EC52-78BB-4D54-B2F1-29F6E1E5109B}"
EndProject
Project("{2150E333-8FDC-42A3-9474-1A3956D46DE8}") = "final", "final", "{A0370EAE-52C1-4452-B5E3-6C4C46692921}"
EndProject
Project("{9A19103F-16F7-4668-BE54-9A1E7A4F7556}") = "Foundation2", "final\Foundation2\Foundation2.csproj", "{C2362235-0F46-4D89-86C9-6EFC1315EE5A}"
EndProject
Project("{9A19103F-16F7-4668-BE54-9A1E7A4F7556}") = "FinalProject", "final\FinalProject\FinalProject.csproj", "{87362FBC-91A5-4834-9F10-BC621F423A95}"
EndProject
Project("{9A19103F-16F7-4668-BE54-9A1E7A4F7556}") = "Foundation1", "final\Foundation1\Foundation1.csproj", "{212F6AF3-6F5F-406D-9BA6-07DF7B7A234B}"
EndProject
Project("{9A19103F-16F7-4668-BE54-9A1E7A4F7556}") = "Foundation4", "final\Foundation4\Foundation4.csproj", "{5CE2132B-BB34-45BB-8A20-8888D962E2A9}"
EndProject
Project("{9A19103F-16F7-4668-BE54-9A1E7A4F7556}") = "Foundation3", "final\Foundation3\Foundation3.csproj", "{FDE7F63F-F602-44AD-AEF1-882FE8961100}"
EndProject
Project("{2150E333-8FDC-42A3-9474-1A3956D46DE8}") = "prove", "prove", "{FE67E41B-ECA4-4C96-89EF-02CBD183152C}"
EndProject
Project("{9A19103F-16F7-4668-BE54-9A1E7A4F7556}") = "Develop02", "prove\Develop02\Develop02.csproj", "{8341AF9C-1769-4680-A8F2-9AE8113D2688}"
EndProject
Project("{9A19103F-16F7-4668-BE54-9A1E7A4F7556}") = "Develop05", "prove\Develop05\Develop05.csproj", "{D9C6B05E-6D2A-457E-A330-00614D2924CC}"
EndProject
Project("{9A19103F-16F7-4668-BE54-9A1E7A4F7556}") = "Develop03", "prove\Develop03\Develop03.csproj", "{99B98EE9-D047-4D8D-A8F0-0B63997FED43}"
EndProject
Project("{9A19103F-16F7-4668-BE54-9A1E7A4F7556}") = "Develop04", "prove\Develop04\Develop04.csproj", "{906CA843-DB99-45C4-84B7-D8E7E05E8D4E}"
EndProject
Project("{2150E333-8FDC-42A3-9474-1A3956D46DE8}") = "sandbox", "sandbox", "{69C701C6-FA35-4310-976A-18685AD48847}"
EndProject
Project("{9A19103F-16F7-4668-BE54-9A1E7A4F7556}") = "Sandbox", "sandbox\Sandbox\Sandbox.csproj", "{7CE876C3-B4C2-49A3-BBB6-F68400520181}"
EndProject
Project("{2150E333-8FDC-42A3-9474-1A3956D46DE8}") = "prepare", "prepare", "{AD165E7F-89B6-48EA-85DD-57B9DDED55A6}"
EndProject
Project("{9A19103F-16F7-4668-BE54-9A1E7A4F7556}") = "Learning02", "prepare\Learning02\Learning02.csproj", "{8A0F7FF4-193D-4953-8DF8-21268F0B7004}"
EndProject
Project("{9A19103F-16F7-4668-BE54-9A1E7A4F7556}") = "Learning05", "prepare\Learning05\Learning05.csproj", "{38C76782-735C-4935-9E56-15872F6ADF41}"
EndProject
Project("{9A19103F-16F7-4668-BE54-9A1E7A4F7556}") = "Learning03", "prepare\Learning03\Learning03.csproj", "{0B49D481-5323-4389-A2B4-B2295C0A2749}"
EndProject
Project("{9A19103F-16F7-4668-BE54-9A1E7A4F7556}") = "Learning04", "prepare\Learning04\Learning04.csproj", "{61B358F3-13BD-4DFF-A6F4-5BC7AC3569C2}"
EndProject
Global
	GlobalSection(SolutionConfigurationPlatforms) = preSolution
		Debug|Any CPU = Debug|Any CPU
		Release|Any CPU = Release|Any CPU
	EndGlobalSection
	GlobalSection(ProjectConfigurationPlatforms) = postSolution
		{FFF5307D-9BFB-4CF4-A88C-0372164ECB5B}.Debug|Any CPU.ActiveCfg = Debug|Any CPU
		{FFF5307D-9BFB-4CF4-A88C-0372164ECB5B}.Debug|Any CPU.Build.0 = Debug|Any CPU
		{FFF5307D-9BFB-4CF4-A88C-0372164ECB5B}.Release|Any CPU.ActiveCfg = Release|Any CPU
		{FFF5307D-9BFB-4CF4-A88C-0372164ECB5B}.Release|Any CPU.Build.0 = Release|Any CPU
		{697A2747-8CF1-4EC0-9D56-6625277D4DD0}.Debug|Any CPU.ActiveCfg = Debug|Any CPU
		{697A2747-8CF1-4EC0-9D56-6625277D4DD0}.Debug|Any CPU.Build.0 = Debug|Any CPU
		{697A2747-8CF1-4EC0-9D56-6625277D4DD0}.Release|Any CPU.ActiveCfg = Release|Any CPU
		{697A2747-8CF1-4EC0-9D56-6625277D4DD0}.Release|Any CPU.Build.0 = Release|Any CPU
		{7C8E8202-D6D4-4396-9BC0-A0D117669CED}.Debug|Any CPU.ActiveCfg = Debug|Any CPU
		{7C8E8202-D6D4-4396-9BC0-A0D117669CED}.Debug|Any CPU.Build.0 = Debug|Any CPU
		{7C8E8202-D6D4-4396-9BC0-A0D117669CED}.Release|Any CPU.ActiveCfg = Release|Any CPU
		{7C8E8202-D6D4-4396-9BC0-A0D117669CED}.Release|Any CPU.Build.0 = Release|Any CPU
		{8E070C80-ED3A-4772-90FB-127FEBC776C5}.Debug|Any CPU.ActiveCfg = Debug|Any CPU
		{8E070C80-ED3A-4772-90FB-127FEBC776C5}.Debug|Any CPU.Build.0 = Debug|Any CPU
		{8E070C80-ED3A-4772-90FB-127FEBC776C5}.Release|Any CPU.ActiveCfg = Release|Any CPU
		{8E070C80-ED3A-4772-90FB-127FEBC776C5}.Release|Any CPU.Build.0 = Release|Any CPU
		{FB86EC52-78BB-4D54-B2F1-29F6E1E5109B}.Debug|Any CPU.ActiveCfg = Debug|Any CPU
		{FB86EC52-78BB-4D54-B2F1-29F6E1E5109B}.Debug|Any CPU.Build.0 = Debug|Any CPU
		{FB86EC52-78BB-4D54-B2F1-29F6E1E5109B}.Release|Any CPU.ActiveCfg = Release|Any CPU
		{FB86EC52-78BB-4D54-B2F1-29F6E1E5109B}.Release|Any CPU.Build.0 = Release|Any CPU
		{C2362235-0F46-4D89-86C9-6EFC1315EE5A}.Debug|Any CPU.ActiveCfg = Debug|Any CPU
		{C2362235-0F46-4D89-86C9-6EFC1315EE5A}.Debug|Any CPU.Build.0 = Debug|Any CPU
		{C2362235-0F46-4D89-86C9-6EFC1315EE5A}.Release|Any CPU.ActiveCfg = Release|Any CPU
		{C2362235-0F46-4D89-86C9-6EFC1315EE5A}.Release|Any CPU.Build.0 = Release|Any CPU
		{87362FBC-91A5-4834-9F10-BC621F423A95}.Debug|Any CPU.ActiveCfg = Debug|Any CPU
		{87362FBC-91A5-4834-9F10-BC621F423A95}.Debug|Any CPU.Build.0 = Debug|Any CPU
		{87362FBC-91A5-4834-9F10-BC621F423A95}.Release|Any CPU.ActiveCfg = Release|Any CPU
		{87362FBC-91A5-4834-9F10-BC621F423A95}.Release|Any CPU.Build.0 = Release|Any CPU
		{212F6AF3-6F5F-406D-9BA6-07DF7B7A234B}.Debug|Any CPU.ActiveCfg = Debug|Any CPU
		{212F6AF3-6F5F-406D-9BA6-07DF7B7A234B}.Debug|Any CPU.Build.0 = Debug|Any CPU
		{212F6AF3-6F5F-406D-9BA6-07DF7B7A234B}.Release|Any CPU.ActiveCfg = Release|Any CPU
		{212F6AF3-6F5F-406D-9BA6-07DF7B7A234B}.Release|Any CPU.Build.0 = Release|Any CPU
		{5CE2132B-BB34-45BB-8A20-8888D962E2A9}.Debug|Any CPU.ActiveCfg = Debug|Any CPU
		{5CE2132B-BB34-45BB-8A20-8888D962E2A9}.Debug|Any CPU.Build.0 = Debug|Any CPU
		{5CE2132B-BB34-45BB-8A20-8888D962E2A9}.Release|Any CPU.ActiveCfg = Release|Any CPU
		{5CE2132B-BB34-45BB-8A20-8888D962E2A9}.Release|Any CPU.Build.0 = Release|Any CPU
		{FDE7F63F-F602-44AD-AEF1-882FE8961100}.Debug|Any CPU.ActiveCfg = Debug|Any CPU
		{FDE7F63F-F602-44AD-AEF1-882FE8961100}.Debug|Any CPU.Build.0 = Debug|Any CPU
		{FDE7F63F-F602-44AD-AEF1-882FE8961100}.Release|Any CPU.ActiveCfg = Release|Any CPU
		{FDE7F63F-F602-44AD-AEF1-882FE8961100}.Release|Any CPU.Build.0 = Release|Any CPU
		{8341AF9C-1769-4680-A8F2-9AE8113D2688}.Debug|Any CPU.ActiveCfg = Debug|Any CPU
		{8341AF9C-1769-4680-A8F2-9AE8113D2688}.Debug|Any CPU.Build.0 = Debug|Any CPU
		{8341AF9C-1769-4680-A8F2-9AE8113D2688}.Release|Any CPU.ActiveCfg = Release|Any CPU
		{8341AF9C-1769-4680-A8F2-9AE8113D2688}.Release|Any CPU.Build.0 = Release|Any CPU
		{D9C6B05E-6D2A-457E-A330-00614D2924CC}.Debug|Any CPU.ActiveCfg = Debug|Any CPU
		{D9C6B05E-6D2A-457E-A330-00614D2924CC}.Debug|Any CPU.Build.0 = Debug|Any CPU
		{D9C6B05E-6D2A-457E-A330-00614D2924CC}.Release|Any CPU.ActiveCfg = Release|Any CPU
		{D9C6B05E-6D2A-457E-A330-00614D2924CC}.Release|Any CPU.Build.0 = Release|Any CPU
		{99B98EE9-D047-4D8D-A8F0-0B63997FED43}.Debug|Any CPU.ActiveCfg = Debug|Any CPU
		{99B98EE9-D047-4D8D-A8F0-0B63997FED43}.Debug|Any CPU.Build.0 = Debug|Any CPU
		{99B98EE9-D047-4D8D-A8F0-0B63997FED43}.Release|Any CPU.ActiveCfg = Release|Any CPU
		{99B98EE9-D047-4D8D-A8F0-0B63997FED43}.Release|Any CPU.Build.0 = Release|Any CPU
		{906CA843-DB99-45C4-84B7-D8E7E05E8D4E}.Debug|Any CPU.ActiveCfg = Debug|Any CPU
		{906CA843-DB99-45C4-84B7-D8E7E05E8D4E}.Debug|Any CPU.Build.0 = Debug|Any CPU
		{906CA843-DB99-45C4-84B7-D8E7E05E8D4E}.Release|Any CPU.ActiveCfg = Release|Any CPU
		{906CA843-DB99-45C4-84B7-D8E7E05E8D4E}.Release|Any CPU.Build.0 = Release|Any CPU
		{7CE876C3-B4C2-49A3-BBB6-F68400520181}.Debug|Any CPU.ActiveCfg = Debug|Any CPU
		{7CE876C3-B4C2-49A3-BBB6-F68400520181}.Debug|Any CPU.Build.0 = Debug|Any CPU
		{7CE876C3-B4C2-49A3-BBB6-F68400520181}.Release|Any CPU.ActiveCfg = Release|Any CPU
		{7CE876C3-B4C2-49A3-BBB6-F68400520181}.Release|Any CPU.Build.0 = Release|Any CPU
		{8A0F7FF4-193D-4953-8DF8-21268F0B7004}.Debug|Any CPU.ActiveCfg = Debug|Any CPU
		{8A0F7FF4-193D-4953-8DF8-21268F0B7004}.Debug|Any CPU.Build.0 = Debug|Any CPU
		{8A0F7FF4-193D-4953-8DF8-21268F0B7004}.Release|Any CPU.ActiveCfg = Release|Any CPU
		{8A0F7FF4-193D-4953-8DF8-21268F0B7004}.Release|Any CPU.Build.0 = Release|Any CPU
		{38C76782-735C-4935-9E56-15872F6ADF41}.Debug|Any CPU.ActiveCfg = Debug|Any CPU
		{38C76782-735C-4935-9E56-15872F6ADF41}.Debug|Any CPU.Build.0 = Debug|Any CPU
		{38C76782-735C-4935-9E56-15872F6ADF41}.Release|Any CPU.ActiveCfg = Release|Any CPU
		{38C76782-735C-4935-9E56-15872F6ADF41}.Release|Any CPU.Build.0 = Release|Any CPU
		{0B49D481-5323-4389-A2B4-B2295C0A2749}.Debug|Any CPU.ActiveCfg = Debug|Any CPU
		{0B49D481-5323-4389-A2B4-B2295C0A2749}.Debug|Any CPU.Build.0 = Debug|Any CPU
		{0B49D481-5323-4389-A2B4-B2295C0A2749}.Release|Any CPU.ActiveCfg = Release|Any CPU
		{0B49D481-5323-4389-A2B4-B2295C0A2749}.Release|Any CPU.Build.0 = Release|Any CPU
		{61B358F3-13BD-4DFF-A6F4-5BC7AC3569C2}.Debug|Any CPU.ActiveCfg = Debug|Any CPU
		{61B358F3-13BD-4DFF-A6F4-5BC7AC3569C2}.Debug|Any CPU.Build.0 = Debug|Any CPU
		{61B358F3-13BD-4DFF-A6F4-5BC7AC3569C2}.Release|Any CPU.ActiveCfg = Release|Any CPU
		{61B358F3-13BD-4DFF-A6F4-5BC7AC3569C2}.Release|Any CPU.Build.0 = Release|Any CPU
	EndGlobalSection
	GlobalSection(SolutionProperties) = preSolution
		HideSolutionNode = FALSE
	EndGlobalSection
	GlobalSection(NestedProjects) = preSolution
		{FFF5307D-9BFB-4CF4-A88C-0372164ECB5B} = {27E09962-40F8-4180-A2D6-3B3E67012646}
		{697A2747-8CF1-4EC0-9D56-6625277D4DD0} = {27E09962-40F8-4180-A2D6-3B3E67012646}
		{7C8E8202-D6D4-4396-9BC0-A0D117669CED} = {27E09962-40F8-4180-A2D6-3B3E67012646}
		{8E070C80-ED3A-4772-90FB-127FEBC776C5} = {27E09962-40F8-4180-A2D6-3B3E67012646}
		{FB86EC52-78BB-4D54-B2F1-29F6E1E5109B} = {27E09962-40F8-4180-A2D6-3B3E67012646}
		{C2362235-0F46-4D89-86C9-6EFC1315EE5A} = {A0370EAE-52C1-4452-B5E3-6C4C46692921}
		{87362FBC-91A5-4834-9F10-BC621F423A95} = {A0370EAE-52C1-4452-B5E3-6C4C46692921}
		{212F6AF3-6F5F-406D-9BA6-07DF7B7A234B} = {A0370EAE-52C1-4452-B5E3-6C4C46692921}
		{5CE2132B-BB34-45BB-8A20-8888D962E2A9} = {A0370EAE-52C1-4452-B5E3-6C4C46692921}
		{FDE7F63F-F602-44AD-AEF1-882FE8961100} = {A0370EAE-52C1-4452-B5E3-6C4C46692921}
		{8341AF9C-1769-4680-A8F2-9AE8113D2688} = {FE67E41B-ECA4-4C96-89EF-02CBD183152C}
		{D9C6B05E-6D2A-457E-A330-00614D2924CC} = {FE67E41B-ECA4-4C96-89EF-02CBD183152C}
		{99B98EE9-D047-4D8D-A8F0-0B63997FED43} = {FE67E41B-ECA4-4C96-89EF-02CBD183152C}
		{906CA843-DB99-45C4-84B7-D8E7E05E8D4E} = {FE67E41B-ECA4-4C96-89EF-02CBD183152C}
		{7CE876C3-B4C2-49A3-BBB6-F68400520181} = {69C701C6-FA35-4310-976A-18685AD48847}
		{8A0F7FF4-193D-4953-8DF8-21268F0B7004} = {AD165E7F-89B6-48EA-85DD-57B9DDED55A6}
		{38C76782-735C-4935-9E56-15872F6ADF41} = {AD165E7F-89B6-48EA-85DD-57B9DDED55A6}
		{0B49D481-5323-4389-A2B4-B2295C0A2749} = {AD165E7F-89B6-48EA-85DD-57B9DDED55A6}
		{61B358F3-13BD-4DFF-A6F4-5BC7AC3569C2} = {AD165E7F-89B6-48EA-85DD-57B9DDED55A6}
	EndGlobalSection
	GlobalSection(ExtensibilityGlobals) = postSolution
		SolutionGuid = {9F1E1B77-0709-4DFC-8EA8-7456AC16B5D4}
	EndGlobalSection
EndGlobal
